
Microsoft Visual Studio Solution File, Format Version 12.00
# Visual Studio Version 17
VisualStudioVersion = 17.6.33712.159
MinimumVisualStudioVersion = 10.0.40219.1
Project("{FAE04EC0-301F-11D3-BF4B-00C04F79EFBC}") = "Initialization", "Initialization\Initialization.csproj", "{502DD4E8-2AB3-4233-B532-028313EAC58B}"
EndProject
Global
	GlobalSection(SolutionConfigurationPlatforms) = preSolution
		Debug|Any CPU = Debug|Any CPU
		Release|Any CPU = Release|Any CPU
	EndGlobalSection
	GlobalSection(ProjectConfigurationPlatforms) = postSolution
		{502DD4E8-2AB3-4233-B532-028313EAC58B}.Debug|Any CPU.ActiveCfg = Debug|Any CPU
		{502DD4E8-2AB3-4233-B532-028313EAC58B}.Debug|Any CPU.Build.0 = Debug|Any CPU
		{502DD4E8-2AB3-4233-B532-028313EAC58B}.Release|Any CPU.ActiveCfg = Release|Any CPU
		{502DD4E8-2AB3-4233-B532-028313EAC58B}.Release|Any CPU.Build.0 = Release|Any CPU
	EndGlobalSection
	GlobalSection(SolutionProperties) = preSolution
		HideSolutionNode = FALSE
	EndGlobalSection
	GlobalSection(ExtensibilityGlobals) = postSolution
		SolutionGuid = {DB29BF87-1C08-4B96-ACA0-9AA0768AFB73}
	EndGlobalSection
EndGlobal
